// !$*UTF8*$!
{
	archiveVersion = 1;
	classes = {
	};
	objectVersion = 55;
	objects = {

/* Begin PBXBuildFile section */
		2251DE6B2B5B7E8800C870DA /* tutorialApp.swift in Sources */ = {isa = PBXBuildFile; fileRef = 2251DE6A2B5B7E8800C870DA /* tutorialApp.swift */; };
		2251DE6D2B5B7E8800C870DA /* ContentView.swift in Sources */ = {isa = PBXBuildFile; fileRef = 2251DE6C2B5B7E8800C870DA /* ContentView.swift */; };
		2251DE6F2B5B7E8A00C870DA /* Assets.xcassets in Resources */ = {isa = PBXBuildFile; fileRef = 2251DE6E2B5B7E8A00C870DA /* Assets.xcassets */; };
		2251DE722B5B7E8A00C870DA /* Preview Assets.xcassets in Resources */ = {isa = PBXBuildFile; fileRef = 2251DE712B5B7E8A00C870DA /* Preview Assets.xcassets */; };
		2251DE7B2B5C810E00C870DA /* TempeView.swift in Sources */ = {isa = PBXBuildFile; fileRef = 2251DE7A2B5C810E00C870DA /* TempeView.swift */; };
		2251DE7D2B5C81C300C870DA /* PHXView.swift in Sources */ = {isa = PBXBuildFile; fileRef = 2251DE7C2B5C81C300C870DA /* PHXView.swift */; };
		22946B282B5C8A920097C210 /* TucsonView.swift in Sources */ = {isa = PBXBuildFile; fileRef = 22946B272B5C8A920097C210 /* TucsonView.swift */; };
		22946B2A2B5C8C720097C210 /* MesaView.swift in Sources */ = {isa = PBXBuildFile; fileRef = 22946B292B5C8C720097C210 /* MesaView.swift */; };
/* End PBXBuildFile section */

/* Begin PBXFileReference section */
		2251DE672B5B7E8800C870DA /* tempe-cuecard.app */ = {isa = PBXFileReference; explicitFileType = wrapper.application; includeInIndex = 0; path = "tempe-cuecard.app"; sourceTree = BUILT_PRODUCTS_DIR; };
		2251DE6A2B5B7E8800C870DA /* tutorialApp.swift */ = {isa = PBXFileReference; lastKnownFileType = sourcecode.swift; path = tutorialApp.swift; sourceTree = "<group>"; };
		2251DE6C2B5B7E8800C870DA /* ContentView.swift */ = {isa = PBXFileReference; lastKnownFileType = sourcecode.swift; path = ContentView.swift; sourceTree = "<group>"; };
		2251DE6E2B5B7E8A00C870DA /* Assets.xcassets */ = {isa = PBXFileReference; lastKnownFileType = folder.assetcatalog; path = Assets.xcassets; sourceTree = "<group>"; };
		2251DE712B5B7E8A00C870DA /* Preview Assets.xcassets */ = {isa = PBXFileReference; lastKnownFileType = folder.assetcatalog; path = "Preview Assets.xcassets"; sourceTree = "<group>"; };
		2251DE7A2B5C810E00C870DA /* TempeView.swift */ = {isa = PBXFileReference; lastKnownFileType = sourcecode.swift; path = TempeView.swift; sourceTree = "<group>"; };
		2251DE7C2B5C81C300C870DA /* PHXView.swift */ = {isa = PBXFileReference; lastKnownFileType = sourcecode.swift; path = PHXView.swift; sourceTree = "<group>"; };
		22946B272B5C8A920097C210 /* TucsonView.swift */ = {isa = PBXFileReference; lastKnownFileType = sourcecode.swift; path = TucsonView.swift; sourceTree = "<group>"; };
		22946B292B5C8C720097C210 /* MesaView.swift */ = {isa = PBXFileReference; lastKnownFileType = sourcecode.swift; path = MesaView.swift; sourceTree = "<group>"; };
/* End PBXFileReference section */

/* Begin PBXFrameworksBuildPhase section */
		2251DE642B5B7E8800C870DA /* Frameworks */ = {
			isa = PBXFrameworksBuildPhase;
			buildActionMask = 2147483647;
			files = (
			);
			runOnlyForDeploymentPostprocessing = 0;
		};
/* End PBXFrameworksBuildPhase section */

/* Begin PBXGroup section */
		2251DE5E2B5B7E8800C870DA = {
			isa = PBXGroup;
			children = (
				2251DE692B5B7E8800C870DA /* tutorial */,
				2251DE682B5B7E8800C870DA /* Products */,
			);
			sourceTree = "<group>";
		};
		2251DE682B5B7E8800C870DA /* Products */ = {
			isa = PBXGroup;
			children = (
				2251DE672B5B7E8800C870DA /* tempe-cuecard.app */,
			);
			name = Products;
			sourceTree = "<group>";
		};
		2251DE692B5B7E8800C870DA /* tutorial */ = {
			isa = PBXGroup;
			children = (
				2251DE6A2B5B7E8800C870DA /* tutorialApp.swift */,
				2251DE6C2B5B7E8800C870DA /* ContentView.swift */,
				2251DE6E2B5B7E8A00C870DA /* Assets.xcassets */,
				2251DE702B5B7E8A00C870DA /* Preview Content */,
				2251DE7A2B5C810E00C870DA /* TempeView.swift */,
				2251DE7C2B5C81C300C870DA /* PHXView.swift */,
				22946B272B5C8A920097C210 /* TucsonView.swift */,
				22946B292B5C8C720097C210 /* MesaView.swift */,
			);
			path = tutorial;
			sourceTree = "<group>";
		};
		2251DE702B5B7E8A00C870DA /* Preview Content */ = {
			isa = PBXGroup;
			children = (
				2251DE712B5B7E8A00C870DA /* Preview Assets.xcassets */,
			);
			path = "Preview Content";
			sourceTree = "<group>";
		};
/* End PBXGroup section */

/* Begin PBXNativeTarget section */
		2251DE662B5B7E8800C870DA /* tutorial */ = {
			isa = PBXNativeTarget;
			buildConfigurationList = 2251DE752B5B7E8A00C870DA /* Build configuration list for PBXNativeTarget "tutorial" */;
			buildPhases = (
				2251DE632B5B7E8800C870DA /* Sources */,
				2251DE642B5B7E8800C870DA /* Frameworks */,
				2251DE652B5B7E8800C870DA /* Resources */,
			);
			buildRules = (
			);
			dependencies = (
			);
			name = tutorial;
			productName = tutorial;
			productReference = 2251DE672B5B7E8800C870DA /* tempe-cuecard.app */;
			productType = "com.apple.product-type.application";
		};
/* End PBXNativeTarget section */

/* Begin PBXProject section */
		2251DE5F2B5B7E8800C870DA /* Project object */ = {
			isa = PBXProject;
			attributes = {
				BuildIndependentTargetsInParallel = 1;
				LastSwiftUpdateCheck = 1340;
				LastUpgradeCheck = 1340;
				TargetAttributes = {
					2251DE662B5B7E8800C870DA = {
						CreatedOnToolsVersion = 13.4.1;
					};
				};
			};
			buildConfigurationList = 2251DE622B5B7E8800C870DA /* Build configuration list for PBXProject "tutorial" */;
			compatibilityVersion = "Xcode 13.0";
			developmentRegion = en;
			hasScannedForEncodings = 0;
			knownRegions = (
				en,
				Base,
			);
			mainGroup = 2251DE5E2B5B7E8800C870DA;
			productRefGroup = 2251DE682B5B7E8800C870DA /* Products */;
			projectDirPath = "";
			projectRoot = "";
			targets = (
				2251DE662B5B7E8800C870DA /* tutorial */,
			);
		};
/* End PBXProject section */

/* Begin PBXResourcesBuildPhase section */
		2251DE652B5B7E8800C870DA /* Resources */ = {
			isa = PBXResourcesBuildPhase;
			buildActionMask = 2147483647;
			files = (
				2251DE722B5B7E8A00C870DA /* Preview Assets.xcassets in Resources */,
				2251DE6F2B5B7E8A00C870DA /* Assets.xcassets in Resources */,
			);
			runOnlyForDeploymentPostprocessing = 0;
		};
/* End PBXResourcesBuildPhase section */

/* Begin PBXSourcesBuildPhase section */
		2251DE632B5B7E8800C870DA /* Sources */ = {
			isa = PBXSourcesBuildPhase;
			buildActionMask = 2147483647;
			files = (
				2251DE7B2B5C810E00C870DA /* TempeView.swift in Sources */,
				2251DE6D2B5B7E8800C870DA /* ContentView.swift in Sources */,
				22946B2A2B5C8C720097C210 /* MesaView.swift in Sources */,
				2251DE6B2B5B7E8800C870DA /* tutorialApp.swift in Sources */,
				22946B282B5C8A920097C210 /* TucsonView.swift in Sources */,
				2251DE7D2B5C81C300C870DA /* PHXView.swift in Sources */,
			);
			runOnlyForDeploymentPostprocessing = 0;
		};
/* End PBXSourcesBuildPhase section */

/* Begin XCBuildConfiguration section */
		2251DE732B5B7E8A00C870DA /* Debug */ = {
			isa = XCBuildConfiguration;
			buildSettings = {
				ALWAYS_SEARCH_USER_PATHS = NO;
				CLANG_ANALYZER_NONNULL = YES;
				CLANG_ANALYZER_NUMBER_OBJECT_CONVERSION = YES_AGGRESSIVE;
				CLANG_CXX_LANGUAGE_STANDARD = "gnu++17";
				CLANG_ENABLE_MODULES = YES;
				CLANG_ENABLE_OBJC_ARC = YES;
				CLANG_ENABLE_OBJC_WEAK = YES;
				CLANG_WARN_BLOCK_CAPTURE_AUTORELEASING = YES;
				CLANG_WARN_BOOL_CONVERSION = YES;
				CLANG_WARN_COMMA = YES;
				CLANG_WARN_CONSTANT_CONVERSION = YES;
				CLANG_WARN_DEPRECATED_OBJC_IMPLEMENTATIONS = YES;
				CLANG_WARN_DIRECT_OBJC_ISA_USAGE = YES_ERROR;
				CLANG_WARN_DOCUMENTATION_COMMENTS = YES;
				CLANG_WARN_EMPTY_BODY = YES;
				CLANG_WARN_ENUM_CONVERSION = YES;
				CLANG_WARN_INFINITE_RECURSION = YES;
				CLANG_WARN_INT_CONVERSION = YES;
				CLANG_WARN_NON_LITERAL_NULL_CONVERSION = YES;
				CLANG_WARN_OBJC_IMPLICIT_RETAIN_SELF = YES;
				CLANG_WARN_OBJC_LITERAL_CONVERSION = YES;
				CLANG_WARN_OBJC_ROOT_CLASS = YES_ERROR;
				CLANG_WARN_QUOTED_INCLUDE_IN_FRAMEWORK_HEADER = YES;
				CLANG_WARN_RANGE_LOOP_ANALYSIS = YES;
				CLANG_WARN_STRICT_PROTOTYPES = YES;
				CLANG_WARN_SUSPICIOUS_MOVE = YES;
				CLANG_WARN_UNGUARDED_AVAILABILITY = YES_AGGRESSIVE;
				CLANG_WARN_UNREACHABLE_CODE = YES;
				CLANG_WARN__DUPLICATE_METHOD_MATCH = YES;
				COPY_PHASE_STRIP = NO;
				DEBUG_INFORMATION_FORMAT = dwarf;
				ENABLE_STRICT_OBJC_MSGSEND = YES;
				ENABLE_TESTABILITY = YES;
				GCC_C_LANGUAGE_STANDARD = gnu11;
				GCC_DYNAMIC_NO_PIC = NO;
				GCC_NO_COMMON_BLOCKS = YES;
				GCC_OPTIMIZATION_LEVEL = 0;
				GCC_PREPROCESSOR_DEFINITIONS = (
					"DEBUG=1",
					"$(inherited)",
				);
				GCC_WARN_64_TO_32_BIT_CONVERSION = YES;
				GCC_WARN_ABOUT_RETURN_TYPE = YES_ERROR;
				GCC_WARN_UNDECLARED_SELECTOR = YES;
				GCC_WARN_UNINITIALIZED_AUTOS = YES_AGGRESSIVE;
				GCC_WARN_UNUSED_FUNCTION = YES;
				GCC_WARN_UNUSED_VARIABLE = YES;
				IPHONEOS_DEPLOYMENT_TARGET = 15.5;
				MTL_ENABLE_DEBUG_INFO = INCLUDE_SOURCE;
				MTL_FAST_MATH = YES;
				ONLY_ACTIVE_ARCH = YES;
				SDKROOT = iphoneos;
				SWIFT_ACTIVE_COMPILATION_CONDITIONS = DEBUG;
				SWIFT_OPTIMIZATION_LEVEL = "-Onone";
			};
			name = Debug;
		};
		2251DE742B5B7E8A00C870DA /* Release */ = {
			isa = XCBuildConfiguration;
			buildSettings = {
				ALWAYS_SEARCH_USER_PATHS = NO;
				CLANG_ANALYZER_NONNULL = YES;
				CLANG_ANALYZER_NUMBER_OBJECT_CONVERSION = YES_AGGRESSIVE;
				CLANG_CXX_LANGUAGE_STANDARD = "gnu++17";
				CLANG_ENABLE_MODULES = YES;
				CLANG_ENABLE_OBJC_ARC = YES;
				CLANG_ENABLE_OBJC_WEAK = YES;
				CLANG_WARN_BLOCK_CAPTURE_AUTORELEASING = YES;
				CLANG_WARN_BOOL_CONVERSION = YES;
				CLANG_WARN_COMMA = YES;
				CLANG_WARN_CONSTANT_CONVERSION = YES;
				CLANG_WARN_DEPRECATED_OBJC_IMPLEMENTATIONS = YES;
				CLANG_WARN_DIRECT_OBJC_ISA_USAGE = YES_ERROR;
				CLANG_WARN_DOCUMENTATION_COMMENTS = YES;
				CLANG_WARN_EMPTY_BODY = YES;
				CLANG_WARN_ENUM_CONVERSION = YES;
				CLANG_WARN_INFINITE_RECURSION = YES;
				CLANG_WARN_INT_CONVERSION = YES;
				CLANG_WARN_NON_LITERAL_NULL_CONVERSION = YES;
				CLANG_WARN_OBJC_IMPLICIT_RETAIN_SELF = YES;
				CLANG_WARN_OBJC_LITERAL_CONVERSION = YES;
				CLANG_WARN_OBJC_ROOT_CLASS = YES_ERROR;
				CLANG_WARN_QUOTED_INCLUDE_IN_FRAMEWORK_HEADER = YES;
				CLANG_WARN_RANGE_LOOP_ANALYSIS = YES;
				CLANG_WARN_STRICT_PROTOTYPES = YES;
				CLANG_WARN_SUSPICIOUS_MOVE = YES;
				CLANG_WARN_UNGUARDED_AVAILABILITY = YES_AGGRESSIVE;
				CLANG_WARN_UNREACHABLE_CODE = YES;
				CLANG_WARN__DUPLICATE_METHOD_MATCH = YES;
				COPY_PHASE_STRIP = NO;
				DEBUG_INFORMATION_FORMAT = "dwarf-with-dsym";
				ENABLE_NS_ASSERTIONS = NO;
				ENABLE_STRICT_OBJC_MSGSEND = YES;
				GCC_C_LANGUAGE_STANDARD = gnu11;
				GCC_NO_COMMON_BLOCKS = YES;
				GCC_WARN_64_TO_32_BIT_CONVERSION = YES;
				GCC_WARN_ABOUT_RETURN_TYPE = YES_ERROR;
				GCC_WARN_UNDECLARED_SELECTOR = YES;
				GCC_WARN_UNINITIALIZED_AUTOS = YES_AGGRESSIVE;
				GCC_WARN_UNUSED_FUNCTION = YES;
				GCC_WARN_UNUSED_VARIABLE = YES;
				IPHONEOS_DEPLOYMENT_TARGET = 15.5;
				MTL_ENABLE_DEBUG_INFO = NO;
				MTL_FAST_MATH = YES;
				SDKROOT = iphoneos;
				SWIFT_COMPILATION_MODE = wholemodule;
				SWIFT_OPTIMIZATION_LEVEL = "-O";
				VALIDATE_PRODUCT = YES;
			};
			name = Release;
		};
		2251DE762B5B7E8A00C870DA /* Debug */ = {
			isa = XCBuildConfiguration;
			buildSettings = {
				ASSETCATALOG_COMPILER_APPICON_NAME = AppIcon;
				ASSETCATALOG_COMPILER_GLOBAL_ACCENT_COLOR_NAME = AccentColor;
				CODE_SIGN_STYLE = Automatic;
				CURRENT_PROJECT_VERSION = 1;
				DEVELOPMENT_ASSET_PATHS = "\"tutorial/Preview Content\"";
				ENABLE_PREVIEWS = YES;
				GENERATE_INFOPLIST_FILE = YES;
				INFOPLIST_KEY_UIApplicationSceneManifest_Generation = YES;
				INFOPLIST_KEY_UIApplicationSupportsIndirectInputEvents = YES;
				INFOPLIST_KEY_UILaunchScreen_Generation = YES;
				INFOPLIST_KEY_UISupportedInterfaceOrientations_iPad = "UIInterfaceOrientationPortrait UIInterfaceOrientationPortraitUpsideDown UIInterfaceOrientationLandscapeLeft UIInterfaceOrientationLandscapeRight";
				INFOPLIST_KEY_UISupportedInterfaceOrientations_iPhone = "UIInterfaceOrientationPortrait UIInterfaceOrientationLandscapeLeft UIInterfaceOrientationLandscapeRight";
				LD_RUNPATH_SEARCH_PATHS = (
					"$(inherited)",
					"@executable_path/Frameworks",
				);
				MARKETING_VERSION = 1.0;
				PRODUCT_BUNDLE_IDENTIFIER = "com.nile.tempe-cue-card";
				PRODUCT_NAME = "tempe-cuecard";
				SWIFT_EMIT_LOC_STRINGS = YES;
				SWIFT_VERSION = 5.0;
				TARGETED_DEVICE_FAMILY = "1,2";
			};
			name = Debug;
		};
		2251DE772B5B7E8A00C870DA /* Release */ = {
			isa = XCBuildConfiguration;
			buildSettings = {
				ASSETCATALOG_COMPILER_APPICON_NAME = AppIcon;
				ASSETCATALOG_COMPILER_GLOBAL_ACCENT_COLOR_NAME = AccentColor;
				CODE_SIGN_STYLE = Automatic;
				CURRENT_PROJECT_VERSION = 1;
				DEVELOPMENT_ASSET_PATHS = "\"tutorial/Preview Content\"";
				ENABLE_PREVIEWS = YES;
				GENERATE_INFOPLIST_FILE = YES;
				INFOPLIST_KEY_UIApplicationSceneManifest_Generation = YES;
				INFOPLIST_KEY_UIApplicationSupportsIndirectInputEvents = YES;
				INFOPLIST_KEY_UILaunchScreen_Generation = YES;
				INFOPLIST_KEY_UISupportedInterfaceOrientations_iPad = "UIInterfaceOrientationPortrait UIInterfaceOrientationPortraitUpsideDown UIInterfaceOrientationLandscapeLeft UIInterfaceOrientationLandscapeRight";
				INFOPLIST_KEY_UISupportedInterfaceOrientations_iPhone = "UIInterfaceOrientationPortrait UIInterfaceOrientationLandscapeLeft UIInterfaceOrientationLandscapeRight";
				LD_RUNPATH_SEARCH_PATHS = (
					"$(inherited)",
					"@executable_path/Frameworks",
				);
				MARKETING_VERSION = 1.0;
				PRODUCT_BUNDLE_IDENTIFIER = "com.nile.tempe-cue-card";
				PRODUCT_NAME = "tempe-cuecard";
				SWIFT_EMIT_LOC_STRINGS = YES;
				SWIFT_VERSION = 5.0;
				TARGETED_DEVICE_FAMILY = "1,2";
			};
			name = Release;
		};
/* End XCBuildConfiguration section */

/* Begin XCConfigurationList section */
		2251DE622B5B7E8800C870DA /* Build configuration list for PBXProject "tutorial" */ = {
			isa = XCConfigurationList;
			buildConfigurations = (
				2251DE732B5B7E8A00C870DA /* Debug */,
				2251DE742B5B7E8A00C870DA /* Release */,
			);
			defaultConfigurationIsVisible = 0;
			defaultConfigurationName = Release;
		};
		2251DE752B5B7E8A00C870DA /* Build configuration list for PBXNativeTarget "tutorial" */ = {
			isa = XCConfigurationList;
			buildConfigurations = (
				2251DE762B5B7E8A00C870DA /* Debug */,
				2251DE772B5B7E8A00C870DA /* Release */,
			);
			defaultConfigurationIsVisible = 0;
			defaultConfigurationName = Release;
		};
/* End XCConfigurationList section */
	};
	rootObject = 2251DE5F2B5B7E8800C870DA /* Project object */;
}
